// !$*UTF8*$!
{
	archiveVersion = 1;
	classes = {
	};
	objectVersion = 51;
	objects = {

/* Begin PBXBuildFile section */
		1A6C5F9B24B80AE0007F190F /* lasttalklist.plist in Resources */ = {isa = PBXBuildFile; fileRef = 1A6C5F9A24B80AE0007F190F /* lasttalklist.plist */; };
		1A6C5F9E24B810B8007F190F /* RanLastMessageModal.m in Sources */ = {isa = PBXBuildFile; fileRef = 1A6C5F9D24B810B8007F190F /* RanLastMessageModal.m */; };
		1A6C5FA024B8333E007F190F /* detialtalk.plist in Resources */ = {isa = PBXBuildFile; fileRef = 1A6C5F9F24B8333E007F190F /* detialtalk.plist */; };
		1A6C5FA924B85AEB007F190F /* RanChatDetialCell.m in Sources */ = {isa = PBXBuildFile; fileRef = 1A6C5FA824B85AEB007F190F /* RanChatDetialCell.m */; };
		1AD2F07224B6F1F500618CFB /* AppDelegate.m in Sources */ = {isa = PBXBuildFile; fileRef = 1AD2F07124B6F1F500618CFB /* AppDelegate.m */; };
		1AD2F07724B6F1F900618CFB /* Assets.xcassets in Resources */ = {isa = PBXBuildFile; fileRef = 1AD2F07624B6F1F900618CFB /* Assets.xcassets */; };
		1AD2F07A24B6F1F900618CFB /* Main.storyboard in Resources */ = {isa = PBXBuildFile; fileRef = 1AD2F07824B6F1F900618CFB /* Main.storyboard */; };
		1AD2F07D24B6F1F900618CFB /* main.m in Sources */ = {isa = PBXBuildFile; fileRef = 1AD2F07C24B6F1F900618CFB /* main.m */; };
		1AD2F08624B6F2DA00618CFB /* RanLoginWindowController.m in Sources */ = {isa = PBXBuildFile; fileRef = 1AD2F08524B6F2DA00618CFB /* RanLoginWindowController.m */; };
		1AD2F08924B6F2F500618CFB /* RanLoginViewController.m in Sources */ = {isa = PBXBuildFile; fileRef = 1AD2F08824B6F2F500618CFB /* RanLoginViewController.m */; };
		1AD2F09124B6FB9700618CFB /* RanMainViewController.m in Sources */ = {isa = PBXBuildFile; fileRef = 1AD2F09024B6FB9700618CFB /* RanMainViewController.m */; };
		1AD2F09424B6FBAA00618CFB /* RanMainWindowController.m in Sources */ = {isa = PBXBuildFile; fileRef = 1AD2F09324B6FBAA00618CFB /* RanMainWindowController.m */; };
		1AD2F09924B709C000618CFB /* RanContactCell.m in Sources */ = {isa = PBXBuildFile; fileRef = 1AD2F09724B709C000618CFB /* RanContactCell.m */; };
		1AD2F09C24B70A3800618CFB /* RanContactRowView.m in Sources */ = {isa = PBXBuildFile; fileRef = 1AD2F09A24B70A3800618CFB /* RanContactRowView.m */; };
		1AD2F09F24B70E0700618CFB /* RanHeaderCell.m in Sources */ = {isa = PBXBuildFile; fileRef = 1AD2F09E24B70E0700618CFB /* RanHeaderCell.m */; };
		1AD2F0A224B711A400618CFB /* RanLastTalkTableView.m in Sources */ = {isa = PBXBuildFile; fileRef = 1AD2F0A124B711A400618CFB /* RanLastTalkTableView.m */; };
		1AD2F0AB24B71A1600618CFB /* WebRTC.framework in Frameworks */ = {isa = PBXBuildFile; fileRef = 1AD2F0A324B717D900618CFB /* WebRTC.framework */; };
		1AD2F0AC24B71A1600618CFB /* WebRTC.framework in Embed Frameworks */ = {isa = PBXBuildFile; fileRef = 1AD2F0A324B717D900618CFB /* WebRTC.framework */; settings = {ATTRIBUTES = (CodeSignOnCopy, RemoveHeadersOnCopy, ); }; };
		1AD2F0B024B71CEA00618CFB /* RanVideoChatWindow.m in Sources */ = {isa = PBXBuildFile; fileRef = 1AD2F0AF24B71CEA00618CFB /* RanVideoChatWindow.m */; };
		1AD2F0B324B71E2B00618CFB /* RanVideChatController.m in Sources */ = {isa = PBXBuildFile; fileRef = 1AD2F0B224B71E2B00618CFB /* RanVideChatController.m */; };
		E9E50697CC01AF2DF00E69F0 /* Pods_RanWeChat.framework in Frameworks */ = {isa = PBXBuildFile; fileRef = E6452AEB1AB14D207741BDF2 /* Pods_RanWeChat.framework */; };
/* End PBXBuildFile section */

/* Begin PBXCopyFilesBuildPhase section */
		1AD2F0AD24B71A1600618CFB /* Embed Frameworks */ = {
			isa = PBXCopyFilesBuildPhase;
			buildActionMask = 2147483647;
			dstPath = "";
			dstSubfolderSpec = 10;
			files = (
				1AD2F0AC24B71A1600618CFB /* WebRTC.framework in Embed Frameworks */,
			);
			name = "Embed Frameworks";
			runOnlyForDeploymentPostprocessing = 0;
		};
/* End PBXCopyFilesBuildPhase section */

/* Begin PBXFileReference section */
		1A6C5F9A24B80AE0007F190F /* lasttalklist.plist */ = {isa = PBXFileReference; lastKnownFileType = text.plist.xml; path = lasttalklist.plist; sourceTree = "<group>"; };
		1A6C5F9C24B810B8007F190F /* RanLastMessageModal.h */ = {isa = PBXFileReference; lastKnownFileType = sourcecode.c.h; path = RanLastMessageModal.h; sourceTree = "<group>"; };
		1A6C5F9D24B810B8007F190F /* RanLastMessageModal.m */ = {isa = PBXFileReference; lastKnownFileType = sourcecode.c.objc; path = RanLastMessageModal.m; sourceTree = "<group>"; };
		1A6C5F9F24B8333E007F190F /* detialtalk.plist */ = {isa = PBXFileReference; lastKnownFileType = text.plist.xml; path = detialtalk.plist; sourceTree = "<group>"; };
		1A6C5FA724B85AEB007F190F /* RanChatDetialCell.h */ = {isa = PBXFileReference; lastKnownFileType = sourcecode.c.h; path = RanChatDetialCell.h; sourceTree = "<group>"; };
		1A6C5FA824B85AEB007F190F /* RanChatDetialCell.m */ = {isa = PBXFileReference; lastKnownFileType = sourcecode.c.objc; path = RanChatDetialCell.m; sourceTree = "<group>"; };
		1AD2F06D24B6F1F500618CFB /* RanWeChat.app */ = {isa = PBXFileReference; explicitFileType = wrapper.application; includeInIndex = 0; path = RanWeChat.app; sourceTree = BUILT_PRODUCTS_DIR; };
		1AD2F07024B6F1F500618CFB /* AppDelegate.h */ = {isa = PBXFileReference; lastKnownFileType = sourcecode.c.h; path = AppDelegate.h; sourceTree = "<group>"; };
		1AD2F07124B6F1F500618CFB /* AppDelegate.m */ = {isa = PBXFileReference; lastKnownFileType = sourcecode.c.objc; path = AppDelegate.m; sourceTree = "<group>"; };
		1AD2F07624B6F1F900618CFB /* Assets.xcassets */ = {isa = PBXFileReference; lastKnownFileType = folder.assetcatalog; path = Assets.xcassets; sourceTree = "<group>"; };
		1AD2F07924B6F1F900618CFB /* Base */ = {isa = PBXFileReference; lastKnownFileType = file.storyboard; name = Base; path = Base.lproj/Main.storyboard; sourceTree = "<group>"; };
		1AD2F07B24B6F1F900618CFB /* Info.plist */ = {isa = PBXFileReference; lastKnownFileType = text.plist.xml; path = Info.plist; sourceTree = "<group>"; };
		1AD2F07C24B6F1F900618CFB /* main.m */ = {isa = PBXFileReference; lastKnownFileType = sourcecode.c.objc; path = main.m; sourceTree = "<group>"; };
		1AD2F07E24B6F1F900618CFB /* RanWeChat.entitlements */ = {isa = PBXFileReference; lastKnownFileType = text.plist.entitlements; path = RanWeChat.entitlements; sourceTree = "<group>"; };
		1AD2F08424B6F2DA00618CFB /* RanLoginWindowController.h */ = {isa = PBXFileReference; lastKnownFileType = sourcecode.c.h; path = RanLoginWindowController.h; sourceTree = "<group>"; };
		1AD2F08524B6F2DA00618CFB /* RanLoginWindowController.m */ = {isa = PBXFileReference; lastKnownFileType = sourcecode.c.objc; path = RanLoginWindowController.m; sourceTree = "<group>"; };
		1AD2F08724B6F2F500618CFB /* RanLoginViewController.h */ = {isa = PBXFileReference; lastKnownFileType = sourcecode.c.h; path = RanLoginViewController.h; sourceTree = "<group>"; };
		1AD2F08824B6F2F500618CFB /* RanLoginViewController.m */ = {isa = PBXFileReference; lastKnownFileType = sourcecode.c.objc; path = RanLoginViewController.m; sourceTree = "<group>"; };
		1AD2F08F24B6FB9700618CFB /* RanMainViewController.h */ = {isa = PBXFileReference; lastKnownFileType = sourcecode.c.h; path = RanMainViewController.h; sourceTree = "<group>"; };
		1AD2F09024B6FB9700618CFB /* RanMainViewController.m */ = {isa = PBXFileReference; lastKnownFileType = sourcecode.c.objc; path = RanMainViewController.m; sourceTree = "<group>"; };
		1AD2F09224B6FBAA00618CFB /* RanMainWindowController.h */ = {isa = PBXFileReference; lastKnownFileType = sourcecode.c.h; path = RanMainWindowController.h; sourceTree = "<group>"; };
		1AD2F09324B6FBAA00618CFB /* RanMainWindowController.m */ = {isa = PBXFileReference; lastKnownFileType = sourcecode.c.objc; path = RanMainWindowController.m; sourceTree = "<group>"; };
		1AD2F09724B709C000618CFB /* RanContactCell.m */ = {isa = PBXFileReference; fileEncoding = 4; lastKnownFileType = sourcecode.c.objc; path = RanContactCell.m; sourceTree = "<group>"; };
		1AD2F09824B709C000618CFB /* RanContactCell.h */ = {isa = PBXFileReference; fileEncoding = 4; lastKnownFileType = sourcecode.c.h; path = RanContactCell.h; sourceTree = "<group>"; };
		1AD2F09A24B70A3800618CFB /* RanContactRowView.m */ = {isa = PBXFileReference; fileEncoding = 4; lastKnownFileType = sourcecode.c.objc; path = RanContactRowView.m; sourceTree = "<group>"; };
		1AD2F09B24B70A3800618CFB /* RanContactRowView.h */ = {isa = PBXFileReference; fileEncoding = 4; lastKnownFileType = sourcecode.c.h; path = RanContactRowView.h; sourceTree = "<group>"; };
		1AD2F09D24B70E0700618CFB /* RanHeaderCell.h */ = {isa = PBXFileReference; lastKnownFileType = sourcecode.c.h; path = RanHeaderCell.h; sourceTree = "<group>"; };
		1AD2F09E24B70E0700618CFB /* RanHeaderCell.m */ = {isa = PBXFileReference; lastKnownFileType = sourcecode.c.objc; path = RanHeaderCell.m; sourceTree = "<group>"; };
		1AD2F0A024B711A400618CFB /* RanLastTalkTableView.h */ = {isa = PBXFileReference; lastKnownFileType = sourcecode.c.h; path = RanLastTalkTableView.h; sourceTree = "<group>"; };
		1AD2F0A124B711A400618CFB /* RanLastTalkTableView.m */ = {isa = PBXFileReference; lastKnownFileType = sourcecode.c.objc; path = RanLastTalkTableView.m; sourceTree = "<group>"; };
		1AD2F0A324B717D900618CFB /* WebRTC.framework */ = {isa = PBXFileReference; lastKnownFileType = wrapper.framework; path = WebRTC.framework; sourceTree = "<group>"; };
		1AD2F0AE24B71CEA00618CFB /* RanVideoChatWindow.h */ = {isa = PBXFileReference; lastKnownFileType = sourcecode.c.h; path = RanVideoChatWindow.h; sourceTree = "<group>"; };
		1AD2F0AF24B71CEA00618CFB /* RanVideoChatWindow.m */ = {isa = PBXFileReference; lastKnownFileType = sourcecode.c.objc; path = RanVideoChatWindow.m; sourceTree = "<group>"; };
		1AD2F0B124B71E2B00618CFB /* RanVideChatController.h */ = {isa = PBXFileReference; lastKnownFileType = sourcecode.c.h; path = RanVideChatController.h; sourceTree = "<group>"; };
		1AD2F0B224B71E2B00618CFB /* RanVideChatController.m */ = {isa = PBXFileReference; lastKnownFileType = sourcecode.c.objc; path = RanVideChatController.m; sourceTree = "<group>"; };
		361D00B3AFA230285718C1A2 /* Pods-RanWeChat.release.xcconfig */ = {isa = PBXFileReference; includeInIndex = 1; lastKnownFileType = text.xcconfig; name = "Pods-RanWeChat.release.xcconfig"; path = "Target Support Files/Pods-RanWeChat/Pods-RanWeChat.release.xcconfig"; sourceTree = "<group>"; };
		CADD1509381BB7726B75D1B8 /* Pods-RanWeChat.debug.xcconfig */ = {isa = PBXFileReference; includeInIndex = 1; lastKnownFileType = text.xcconfig; name = "Pods-RanWeChat.debug.xcconfig"; path = "Target Support Files/Pods-RanWeChat/Pods-RanWeChat.debug.xcconfig"; sourceTree = "<group>"; };
		E6452AEB1AB14D207741BDF2 /* Pods_RanWeChat.framework */ = {isa = PBXFileReference; explicitFileType = wrapper.framework; includeInIndex = 0; path = Pods_RanWeChat.framework; sourceTree = BUILT_PRODUCTS_DIR; };
/* End PBXFileReference section */

/* Begin PBXFrameworksBuildPhase section */
		1AD2F06A24B6F1F500618CFB /* Frameworks */ = {
			isa = PBXFrameworksBuildPhase;
			buildActionMask = 2147483647;
			files = (
				E9E50697CC01AF2DF00E69F0 /* Pods_RanWeChat.framework in Frameworks */,
				1AD2F0AB24B71A1600618CFB /* WebRTC.framework in Frameworks */,
			);
			runOnlyForDeploymentPostprocessing = 0;
		};
/* End PBXFrameworksBuildPhase section */

/* Begin PBXGroup section */
		05DBABD77079BD385BDCBA81 /* Frameworks */ = {
			isa = PBXGroup;
			children = (
				E6452AEB1AB14D207741BDF2 /* Pods_RanWeChat.framework */,
			);
			name = Frameworks;
			sourceTree = "<group>";
		};
		14BBDC9A08E03A265AC8E8E2 /* Pods */ = {
			isa = PBXGroup;
			children = (
				CADD1509381BB7726B75D1B8 /* Pods-RanWeChat.debug.xcconfig */,
				361D00B3AFA230285718C1A2 /* Pods-RanWeChat.release.xcconfig */,
			);
			path = Pods;
			sourceTree = "<group>";
		};
		1A6C5F9924B80A89007F190F /* resource */ = {
			isa = PBXGroup;
			children = (
				1A6C5F9A24B80AE0007F190F /* lasttalklist.plist */,
				1A6C5F9F24B8333E007F190F /* detialtalk.plist */,
			);
			path = resource;
			sourceTree = "<group>";
		};
		1AD2F06424B6F1F500618CFB = {
			isa = PBXGroup;
			children = (
				1AD2F06F24B6F1F500618CFB /* RanWeChat */,
				1AD2F06E24B6F1F500618CFB /* Products */,
				14BBDC9A08E03A265AC8E8E2 /* Pods */,
				05DBABD77079BD385BDCBA81 /* Frameworks */,
			);
			sourceTree = "<group>";
		};
		1AD2F06E24B6F1F500618CFB /* Products */ = {
			isa = PBXGroup;
			children = (
				1AD2F06D24B6F1F500618CFB /* RanWeChat.app */,
			);
			name = Products;
			sourceTree = "<group>";
		};
		1AD2F06F24B6F1F500618CFB /* RanWeChat */ = {
			isa = PBXGroup;
			children = (
				1AD2F07024B6F1F500618CFB /* AppDelegate.h */,
				1AD2F07124B6F1F500618CFB /* AppDelegate.m */,
				1A6C5F9924B80A89007F190F /* resource */,
				1AD2F09524B6FDC000618CFB /* Login */,
				1AD2F09624B6FDCB00618CFB /* Main */,
				1AD2F07624B6F1F900618CFB /* Assets.xcassets */,
				1AD2F0A324B717D900618CFB /* WebRTC.framework */,
				1AD2F07824B6F1F900618CFB /* Main.storyboard */,
				1AD2F07B24B6F1F900618CFB /* Info.plist */,
				1AD2F07C24B6F1F900618CFB /* main.m */,
				1AD2F07E24B6F1F900618CFB /* RanWeChat.entitlements */,
			);
			path = RanWeChat;
			sourceTree = "<group>";
		};
		1AD2F09524B6FDC000618CFB /* Login */ = {
			isa = PBXGroup;
			children = (
				1AD2F08424B6F2DA00618CFB /* RanLoginWindowController.h */,
				1AD2F08524B6F2DA00618CFB /* RanLoginWindowController.m */,
				1AD2F08724B6F2F500618CFB /* RanLoginViewController.h */,
				1AD2F08824B6F2F500618CFB /* RanLoginViewController.m */,
			);
			path = Login;
			sourceTree = "<group>";
		};
		1AD2F09624B6FDCB00618CFB /* Main */ = {
			isa = PBXGroup;
			children = (
				1AD2F09224B6FBAA00618CFB /* RanMainWindowController.h */,
				1AD2F09324B6FBAA00618CFB /* RanMainWindowController.m */,
				1AD2F08F24B6FB9700618CFB /* RanMainViewController.h */,
				1AD2F09024B6FB9700618CFB /* RanMainViewController.m */,
				1AD2F09824B709C000618CFB /* RanContactCell.h */,
				1AD2F09724B709C000618CFB /* RanContactCell.m */,
				1A6C5F9C24B810B8007F190F /* RanLastMessageModal.h */,
				1A6C5F9D24B810B8007F190F /* RanLastMessageModal.m */,
				1AD2F09B24B70A3800618CFB /* RanContactRowView.h */,
				1AD2F09A24B70A3800618CFB /* RanContactRowView.m */,
				1AD2F0A024B711A400618CFB /* RanLastTalkTableView.h */,
				1AD2F0A124B711A400618CFB /* RanLastTalkTableView.m */,
				1AD2F09D24B70E0700618CFB /* RanHeaderCell.h */,
				1AD2F09E24B70E0700618CFB /* RanHeaderCell.m */,
				1AD2F0AE24B71CEA00618CFB /* RanVideoChatWindow.h */,
				1AD2F0AF24B71CEA00618CFB /* RanVideoChatWindow.m */,
				1AD2F0B124B71E2B00618CFB /* RanVideChatController.h */,
				1AD2F0B224B71E2B00618CFB /* RanVideChatController.m */,
				1A6C5FA724B85AEB007F190F /* RanChatDetialCell.h */,
				1A6C5FA824B85AEB007F190F /* RanChatDetialCell.m */,
			);
			path = Main;
			sourceTree = "<group>";
		};
/* End PBXGroup section */

/* Begin PBXNativeTarget section */
		1AD2F06C24B6F1F500618CFB /* RanWeChat */ = {
			isa = PBXNativeTarget;
			buildConfigurationList = 1AD2F08124B6F1F900618CFB /* Build configuration list for PBXNativeTarget "RanWeChat" */;
			buildPhases = (
				3461930C01FCE90B0AB0E196 /* [CP] Check Pods Manifest.lock */,
				1AD2F06924B6F1F500618CFB /* Sources */,
				1AD2F06A24B6F1F500618CFB /* Frameworks */,
				1AD2F06B24B6F1F500618CFB /* Resources */,
				D8E7CF3543228DDF5E0180B6 /* [CP] Embed Pods Frameworks */,
				1AD2F0AD24B71A1600618CFB /* Embed Frameworks */,
			);
			buildRules = (
			);
			dependencies = (
			);
			name = RanWeChat;
			productName = RanWeChat;
			productReference = 1AD2F06D24B6F1F500618CFB /* RanWeChat.app */;
			productType = "com.apple.product-type.application";
		};
/* End PBXNativeTarget section */

/* Begin PBXProject section */
		1AD2F06524B6F1F500618CFB /* Project object */ = {
			isa = PBXProject;
			attributes = {
				LastUpgradeCheck = 1150;
				ORGANIZATIONNAME = ran;
				TargetAttributes = {
					1AD2F06C24B6F1F500618CFB = {
						CreatedOnToolsVersion = 11.5;
					};
				};
			};
			buildConfigurationList = 1AD2F06824B6F1F500618CFB /* Build configuration list for PBXProject "RanWeChat" */;
			compatibilityVersion = "Xcode 9.3";
			developmentRegion = en;
			hasScannedForEncodings = 0;
			knownRegions = (
				en,
				Base,
			);
			mainGroup = 1AD2F06424B6F1F500618CFB;
			productRefGroup = 1AD2F06E24B6F1F500618CFB /* Products */;
			projectDirPath = "";
			projectRoot = "";
			targets = (
				1AD2F06C24B6F1F500618CFB /* RanWeChat */,
			);
		};
/* End PBXProject section */

/* Begin PBXResourcesBuildPhase section */
		1AD2F06B24B6F1F500618CFB /* Resources */ = {
			isa = PBXResourcesBuildPhase;
			buildActionMask = 2147483647;
			files = (
				1AD2F07724B6F1F900618CFB /* Assets.xcassets in Resources */,
				1A6C5FA024B8333E007F190F /* detialtalk.plist in Resources */,
				1A6C5F9B24B80AE0007F190F /* lasttalklist.plist in Resources */,
				1AD2F07A24B6F1F900618CFB /* Main.storyboard in Resources */,
			);
			runOnlyForDeploymentPostprocessing = 0;
		};
/* End PBXResourcesBuildPhase section */

/* Begin PBXShellScriptBuildPhase section */
		3461930C01FCE90B0AB0E196 /* [CP] Check Pods Manifest.lock */ = {
			isa = PBXShellScriptBuildPhase;
			buildActionMask = 2147483647;
			files = (
			);
			inputFileListPaths = (
			);
			inputPaths = (
				"${PODS_PODFILE_DIR_PATH}/Podfile.lock",
				"${PODS_ROOT}/Manifest.lock",
			);
			name = "[CP] Check Pods Manifest.lock";
			outputFileListPaths = (
			);
			outputPaths = (
				"$(DERIVED_FILE_DIR)/Pods-RanWeChat-checkManifestLockResult.txt",
			);
			runOnlyForDeploymentPostprocessing = 0;
			shellPath = /bin/sh;
			shellScript = "diff \"${PODS_PODFILE_DIR_PATH}/Podfile.lock\" \"${PODS_ROOT}/Manifest.lock\" > /dev/null\nif [ $? != 0 ] ; then\n    # print error to STDERR\n    echo \"error: The sandbox is not in sync with the Podfile.lock. Run 'pod install' or update your CocoaPods installation.\" >&2\n    exit 1\nfi\n# This output is used by Xcode 'outputs' to avoid re-running this script phase.\necho \"SUCCESS\" > \"${SCRIPT_OUTPUT_FILE_0}\"\n";
			showEnvVarsInLog = 0;
		};
		D8E7CF3543228DDF5E0180B6 /* [CP] Embed Pods Frameworks */ = {
			isa = PBXShellScriptBuildPhase;
			buildActionMask = 2147483647;
			files = (
			);
			inputFileListPaths = (
				"${PODS_ROOT}/Target Support Files/Pods-RanWeChat/Pods-RanWeChat-frameworks-${CONFIGURATION}-input-files.xcfilelist",
			);
			name = "[CP] Embed Pods Frameworks";
			outputFileListPaths = (
				"${PODS_ROOT}/Target Support Files/Pods-RanWeChat/Pods-RanWeChat-frameworks-${CONFIGURATION}-output-files.xcfilelist",
			);
			runOnlyForDeploymentPostprocessing = 0;
			shellPath = /bin/sh;
			shellScript = "\"${PODS_ROOT}/Target Support Files/Pods-RanWeChat/Pods-RanWeChat-frameworks.sh\"\n";
			showEnvVarsInLog = 0;
		};
/* End PBXShellScriptBuildPhase section */

/* Begin PBXSourcesBuildPhase section */
		1AD2F06924B6F1F500618CFB /* Sources */ = {
			isa = PBXSourcesBuildPhase;
			buildActionMask = 2147483647;
			files = (
				1AD2F08924B6F2F500618CFB /* RanLoginViewController.m in Sources */,
				1A6C5F9E24B810B8007F190F /* RanLastMessageModal.m in Sources */,
				1A6C5FA924B85AEB007F190F /* RanChatDetialCell.m in Sources */,
				1AD2F07D24B6F1F900618CFB /* main.m in Sources */,
				1AD2F09924B709C000618CFB /* RanContactCell.m in Sources */,
				1AD2F0B324B71E2B00618CFB /* RanVideChatController.m in Sources */,
				1AD2F09424B6FBAA00618CFB /* RanMainWindowController.m in Sources */,
				1AD2F07224B6F1F500618CFB /* AppDelegate.m in Sources */,
				1AD2F0B024B71CEA00618CFB /* RanVideoChatWindow.m in Sources */,
				1AD2F08624B6F2DA00618CFB /* RanLoginWindowController.m in Sources */,
				1AD2F09C24B70A3800618CFB /* RanContactRowView.m in Sources */,
				1AD2F09124B6FB9700618CFB /* RanMainViewController.m in Sources */,
				1AD2F09F24B70E0700618CFB /* RanHeaderCell.m in Sources */,
				1AD2F0A224B711A400618CFB /* RanLastTalkTableView.m in Sources */,
			);
			runOnlyForDeploymentPostprocessing = 0;
		};
/* End PBXSourcesBuildPhase section */

/* Begin PBXVariantGroup section */
		1AD2F07824B6F1F900618CFB /* Main.storyboard */ = {
			isa = PBXVariantGroup;
			children = (
				1AD2F07924B6F1F900618CFB /* Base */,
			);
			name = Main.storyboard;
			sourceTree = "<group>";
		};
/* End PBXVariantGroup section */

/* Begin XCBuildConfiguration section */
		1AD2F07F24B6F1F900618CFB /* Debug */ = {
			isa = XCBuildConfiguration;
			buildSettings = {
				ALWAYS_SEARCH_USER_PATHS = NO;
				CLANG_ANALYZER_NONNULL = YES;
				CLANG_ANALYZER_NUMBER_OBJECT_CONVERSION = YES_AGGRESSIVE;
				CLANG_CXX_LANGUAGE_STANDARD = "gnu++14";
				CLANG_CXX_LIBRARY = "libc++";
				CLANG_ENABLE_MODULES = YES;
				CLANG_ENABLE_OBJC_ARC = YES;
				CLANG_ENABLE_OBJC_WEAK = YES;
				CLANG_WARN_BLOCK_CAPTURE_AUTORELEASING = YES;
				CLANG_WARN_BOOL_CONVERSION = YES;
				CLANG_WARN_COMMA = YES;
				CLANG_WARN_CONSTANT_CONVERSION = YES;
				CLANG_WARN_DEPRECATED_OBJC_IMPLEMENTATIONS = YES;
				CLANG_WARN_DIRECT_OBJC_ISA_USAGE = YES_ERROR;
				CLANG_WARN_DOCUMENTATION_COMMENTS = YES;
				CLANG_WARN_EMPTY_BODY = YES;
				CLANG_WARN_ENUM_CONVERSION = YES;
				CLANG_WARN_INFINITE_RECURSION = YES;
				CLANG_WARN_INT_CONVERSION = YES;
				CLANG_WARN_NON_LITERAL_NULL_CONVERSION = YES;
				CLANG_WARN_OBJC_IMPLICIT_RETAIN_SELF = YES;
				CLANG_WARN_OBJC_LITERAL_CONVERSION = YES;
				CLANG_WARN_OBJC_ROOT_CLASS = YES_ERROR;
				CLANG_WARN_RANGE_LOOP_ANALYSIS = YES;
				CLANG_WARN_STRICT_PROTOTYPES = YES;
				CLANG_WARN_SUSPICIOUS_MOVE = YES;
				CLANG_WARN_UNGUARDED_AVAILABILITY = YES_AGGRESSIVE;
				CLANG_WARN_UNREACHABLE_CODE = YES;
				CLANG_WARN__DUPLICATE_METHOD_MATCH = YES;
				COPY_PHASE_STRIP = NO;
				DEBUG_INFORMATION_FORMAT = dwarf;
				ENABLE_STRICT_OBJC_MSGSEND = YES;
				ENABLE_TESTABILITY = YES;
				GCC_C_LANGUAGE_STANDARD = gnu11;
				GCC_DYNAMIC_NO_PIC = NO;
				GCC_NO_COMMON_BLOCKS = YES;
				GCC_OPTIMIZATION_LEVEL = 0;
				GCC_PREPROCESSOR_DEFINITIONS = (
					"DEBUG=1",
					"$(inherited)",
				);
				GCC_WARN_64_TO_32_BIT_CONVERSION = YES;
				GCC_WARN_ABOUT_RETURN_TYPE = YES_ERROR;
				GCC_WARN_UNDECLARED_SELECTOR = YES;
				GCC_WARN_UNINITIALIZED_AUTOS = YES_AGGRESSIVE;
				GCC_WARN_UNUSED_FUNCTION = YES;
				GCC_WARN_UNUSED_VARIABLE = YES;
				MACOSX_DEPLOYMENT_TARGET = 10.15;
				MTL_ENABLE_DEBUG_INFO = INCLUDE_SOURCE;
				MTL_FAST_MATH = YES;
				ONLY_ACTIVE_ARCH = YES;
				SDKROOT = macosx;
			};
			name = Debug;
		};
		1AD2F08024B6F1F900618CFB /* Release */ = {
			isa = XCBuildConfiguration;
			buildSettings = {
				ALWAYS_SEARCH_USER_PATHS = NO;
				CLANG_ANALYZER_NONNULL = YES;
				CLANG_ANALYZER_NUMBER_OBJECT_CONVERSION = YES_AGGRESSIVE;
				CLANG_CXX_LANGUAGE_STANDARD = "gnu++14";
				CLANG_CXX_LIBRARY = "libc++";
				CLANG_ENABLE_MODULES = YES;
				CLANG_ENABLE_OBJC_ARC = YES;
				CLANG_ENABLE_OBJC_WEAK = YES;
				CLANG_WARN_BLOCK_CAPTURE_AUTORELEASING = YES;
				CLANG_WARN_BOOL_CONVERSION = YES;
				CLANG_WARN_COMMA = YES;
				CLANG_WARN_CONSTANT_CONVERSION = YES;
				CLANG_WARN_DEPRECATED_OBJC_IMPLEMENTATIONS = YES;
				CLANG_WARN_DIRECT_OBJC_ISA_USAGE = YES_ERROR;
				CLANG_WARN_DOCUMENTATION_COMMENTS = YES;
				CLANG_WARN_EMPTY_BODY = YES;
				CLANG_WARN_ENUM_CONVERSION = YES;
				CLANG_WARN_INFINITE_RECURSION = YES;
				CLANG_WARN_INT_CONVERSION = YES;
				CLANG_WARN_NON_LITERAL_NULL_CONVERSION = YES;
				CLANG_WARN_OBJC_IMPLICIT_RETAIN_SELF = YES;
				CLANG_WARN_OBJC_LITERAL_CONVERSION = YES;
				CLANG_WARN_OBJC_ROOT_CLASS = YES_ERROR;
				CLANG_WARN_RANGE_LOOP_ANALYSIS = YES;
				CLANG_WARN_STRICT_PROTOTYPES = YES;
				CLANG_WARN_SUSPICIOUS_MOVE = YES;
				CLANG_WARN_UNGUARDED_AVAILABILITY = YES_AGGRESSIVE;
				CLANG_WARN_UNREACHABLE_CODE = YES;
				CLANG_WARN__DUPLICATE_METHOD_MATCH = YES;
				COPY_PHASE_STRIP = NO;
				DEBUG_INFORMATION_FORMAT = "dwarf-with-dsym";
				ENABLE_NS_ASSERTIONS = NO;
				ENABLE_STRICT_OBJC_MSGSEND = YES;
				GCC_C_LANGUAGE_STANDARD = gnu11;
				GCC_NO_COMMON_BLOCKS = YES;
				GCC_WARN_64_TO_32_BIT_CONVERSION = YES;
				GCC_WARN_ABOUT_RETURN_TYPE = YES_ERROR;
				GCC_WARN_UNDECLARED_SELECTOR = YES;
				GCC_WARN_UNINITIALIZED_AUTOS = YES_AGGRESSIVE;
				GCC_WARN_UNUSED_FUNCTION = YES;
				GCC_WARN_UNUSED_VARIABLE = YES;
				MACOSX_DEPLOYMENT_TARGET = 10.15;
				MTL_ENABLE_DEBUG_INFO = NO;
				MTL_FAST_MATH = YES;
				SDKROOT = macosx;
			};
			name = Release;
		};
		1AD2F08224B6F1F900618CFB /* Debug */ = {
			isa = XCBuildConfiguration;
			baseConfigurationReference = CADD1509381BB7726B75D1B8 /* Pods-RanWeChat.debug.xcconfig */;
			buildSettings = {
				ASSETCATALOG_COMPILER_APPICON_NAME = AppIcon;
				CODE_SIGN_ENTITLEMENTS = RanWeChat/RanWeChat.entitlements;
				CODE_SIGN_STYLE = Automatic;
				COMBINE_HIDPI_IMAGES = YES;
				FRAMEWORK_SEARCH_PATHS = (
					"$(inherited)",
					"$(PROJECT_DIR)/RanWeChat",
				);
				INFOPLIST_FILE = RanWeChat/Info.plist;
				LD_RUNPATH_SEARCH_PATHS = (
					"$(inherited)",
					"@executable_path/../Frameworks",
				);
				PRODUCT_BUNDLE_IDENTIFIER = ran.RanWeChat;
				PRODUCT_NAME = "$(TARGET_NAME)";
			};
			name = Debug;
		};
		1AD2F08324B6F1F900618CFB /* Release */ = {
			isa = XCBuildConfiguration;
			baseConfigurationReference = 361D00B3AFA230285718C1A2 /* Pods-RanWeChat.release.xcconfig */;
			buildSettings = {
				ASSETCATALOG_COMPILER_APPICON_NAME = AppIcon;
				CODE_SIGN_ENTITLEMENTS = RanWeChat/RanWeChat.entitlements;
				CODE_SIGN_STYLE = Automatic;
				COMBINE_HIDPI_IMAGES = YES;
				FRAMEWORK_SEARCH_PATHS = (
					"$(inherited)",
					"$(PROJECT_DIR)/RanWeChat",
				);
				INFOPLIST_FILE = RanWeChat/Info.plist;
				LD_RUNPATH_SEARCH_PATHS = (
					"$(inherited)",
					"@executable_path/../Frameworks",
				);
				PRODUCT_BUNDLE_IDENTIFIER = ran.RanWeChat;
				PRODUCT_NAME = "$(TARGET_NAME)";
			};
			name = Release;
		};
/* End XCBuildConfiguration section */

/* Begin XCConfigurationList section */
		1AD2F06824B6F1F500618CFB /* Build configuration list for PBXProject "RanWeChat" */ = {
			isa = XCConfigurationList;
			buildConfigurations = (
				1AD2F07F24B6F1F900618CFB /* Debug */,
				1AD2F08024B6F1F900618CFB /* Release */,
			);
			defaultConfigurationIsVisible = 0;
			defaultConfigurationName = Release;
		};
		1AD2F08124B6F1F900618CFB /* Build configuration list for PBXNativeTarget "RanWeChat" */ = {
			isa = XCConfigurationList;
			buildConfigurations = (
				1AD2F08224B6F1F900618CFB /* Debug */,
				1AD2F08324B6F1F900618CFB /* Release */,
			);
			defaultConfigurationIsVisible = 0;
			defaultConfigurationName = Release;
		};
/* End XCConfigurationList section */
	};
	rootObject = 1AD2F06524B6F1F500618CFB /* Project object */;
}
